
Microsoft Visual Studio Solution File, Format Version 12.00
# Visual Studio Version 16
VisualStudioVersion = 16.0.31624.102
MinimumVisualStudioVersion = 10.0.40219.1
Project("{FAE04EC0-301F-11D3-BF4B-00C04F79EFBC}") = "ConsoleApp1", "ConsoleApp1\ConsoleApp1.csproj", "{FA1E2309-8B1C-4957-86EC-712484D609B3}"
EndProject
Project("{FAE04EC0-301F-11D3-BF4B-00C04F79EFBC}") = "ConsoleApp2", "ConsoleApp2\ConsoleApp2.csproj", "{7F2DCC82-59C9-4C6C-A03C-79691DE5EBB0}"
EndProject
Project("{FAE04EC0-301F-11D3-BF4B-00C04F79EFBC}") = "QWERTYUIOP", "QWERTYUIOP\QWERTYUIOP.csproj", "{4EEBC3CB-9B1F-411D-A45A-043C3000A6D8}"
EndProject
Global
	GlobalSection(SolutionConfigurationPlatforms) = preSolution
		Debug|Any CPU = Debug|Any CPU
		Release|Any CPU = Release|Any CPU
	EndGlobalSection
	GlobalSection(ProjectConfigurationPlatforms) = postSolution
		{FA1E2309-8B1C-4957-86EC-712484D609B3}.Debug|Any CPU.ActiveCfg = Debug|Any CPU
		{FA1E2309-8B1C-4957-86EC-712484D609B3}.Debug|Any CPU.Build.0 = Debug|Any CPU
		{FA1E2309-8B1C-4957-86EC-712484D609B3}.Release|Any CPU.ActiveCfg = Release|Any CPU
		{FA1E2309-8B1C-4957-86EC-712484D609B3}.Release|Any CPU.Build.0 = Release|Any CPU
		{7F2DCC82-59C9-4C6C-A03C-79691DE5EBB0}.Debug|Any CPU.ActiveCfg = Debug|Any CPU
		{7F2DCC82-59C9-4C6C-A03C-79691DE5EBB0}.Debug|Any CPU.Build.0 = Debug|Any CPU
		{7F2DCC82-59C9-4C6C-A03C-79691DE5EBB0}.Release|Any CPU.ActiveCfg = Release|Any CPU
		{7F2DCC82-59C9-4C6C-A03C-79691DE5EBB0}.Release|Any CPU.Build.0 = Release|Any CPU
		{4EEBC3CB-9B1F-411D-A45A-043C3000A6D8}.Debug|Any CPU.ActiveCfg = Debug|Any CPU
		{4EEBC3CB-9B1F-411D-A45A-043C3000A6D8}.Debug|Any CPU.Build.0 = Debug|Any CPU
		{4EEBC3CB-9B1F-411D-A45A-043C3000A6D8}.Release|Any CPU.ActiveCfg = Release|Any CPU
		{4EEBC3CB-9B1F-411D-A45A-043C3000A6D8}.Release|Any CPU.Build.0 = Release|Any CPU
	EndGlobalSection
	GlobalSection(SolutionProperties) = preSolution
		HideSolutionNode = FALSE
	EndGlobalSection
	GlobalSection(ExtensibilityGlobals) = postSolution
		SolutionGuid = {24C47DB2-DE19-4727-91A6-2872893E1DB8}
	EndGlobalSection
EndGlobal
